
Microsoft Visual Studio Solution File, Format Version 12.00
# Visual Studio 2013
VisualStudioVersion = 12.0.40629.0
MinimumVisualStudioVersion = 10.0.40219.1
Project("{FAE04EC0-301F-11D3-BF4B-00C04F79EFBC}") = "InputControl", "InputControl\InputControl.csproj", "{F0F695BF-F130-4989-918A-2F43AADD6D0A}"
EndProject
Project("{FAE04EC0-301F-11D3-BF4B-00C04F79EFBC}") = "FileLoader", "FileLoader\FileLoader.csproj", "{BFA599C0-96F8-47F1-B0FF-24AF5B20480E}"
EndProject
Project("{FAE04EC0-301F-11D3-BF4B-00C04F79EFBC}") = "DevExpressUI", "DevExpressUI\DevExpressUI.csproj", "{40745A36-5667-4221-91FA-78140E313D8B}"
EndProject
Global
	GlobalSection(SolutionConfigurationPlatforms) = preSolution
		Debug|Any CPU = Debug|Any CPU
		Release|Any CPU = Release|Any CPU
	EndGlobalSection
	GlobalSection(ProjectConfigurationPlatforms) = postSolution
		{F0F695BF-F130-4989-918A-2F43AADD6D0A}.Debug|Any CPU.ActiveCfg = Debug|Any CPU
		{F0F695BF-F130-4989-918A-2F43AADD6D0A}.Debug|Any CPU.Build.0 = Debug|Any CPU
		{F0F695BF-F130-4989-918A-2F43AADD6D0A}.Release|Any CPU.ActiveCfg = Release|Any CPU
		{F0F695BF-F130-4989-918A-2F43AADD6D0A}.Release|Any CPU.Build.0 = Release|Any CPU
		{BFA599C0-96F8-47F1-B0FF-24AF5B20480E}.Debug|Any CPU.ActiveCfg = Debug|Any CPU
		{BFA599C0-96F8-47F1-B0FF-24AF5B20480E}.Debug|Any CPU.Build.0 = Debug|Any CPU
		{BFA599C0-96F8-47F1-B0FF-24AF5B20480E}.Release|Any CPU.ActiveCfg = Release|Any CPU
		{BFA599C0-96F8-47F1-B0FF-24AF5B20480E}.Release|Any CPU.Build.0 = Release|Any CPU
		{40745A36-5667-4221-91FA-78140E313D8B}.Debug|Any CPU.ActiveCfg = Debug|Any CPU
		{40745A36-5667-4221-91FA-78140E313D8B}.Debug|Any CPU.Build.0 = Debug|Any CPU
		{40745A36-5667-4221-91FA-78140E313D8B}.Release|Any CPU.ActiveCfg = Release|Any CPU
		{40745A36-5667-4221-91FA-78140E313D8B}.Release|Any CPU.Build.0 = Release|Any CPU
	EndGlobalSection
	GlobalSection(SolutionProperties) = preSolution
		HideSolutionNode = FALSE
	EndGlobalSection
EndGlobal
